
Microsoft Visual Studio Solution File, Format Version 12.00
# Visual Studio Version 17
VisualStudioVersion = 17.11.35222.181
MinimumVisualStudioVersion = 10.0.40219.1
Project("{9A19103F-16F7-4668-BE54-9A1E7A4F7556}") = "LibraryManager.Core", "LibraryManager.Core\LibraryManager.Core.csproj", "{0A1F9513-4F8C-458C-A47D-1841EFA05794}"
EndProject
Project("{9A19103F-16F7-4668-BE54-9A1E7A4F7556}") = "LibraryManager.Application", "LibraryManager.Application\LibraryManager.Application.csproj", "{2A684AE7-4581-4E63-B4E7-5FDB95B041D5}"
EndProject
Project("{9A19103F-16F7-4668-BE54-9A1E7A4F7556}") = "LibraryManager.Data", "LibraryManager.Data\LibraryManager.Data.csproj", "{0D080B02-FECF-44D0-B385-2DE417FC253F}"
EndProject
Project("{9A19103F-16F7-4668-BE54-9A1E7A4F7556}") = "LibraryManager.ConsoleUI", "LibraryManager.ConsoleUI\LibraryManager.ConsoleUI.csproj", "{E1651C54-2EC2-4D57-A8E8-175DCA73CECF}"
EndProject
Project("{9A19103F-16F7-4668-BE54-9A1E7A4F7556}") = "LibraryManager.MVC", "LibraryManager.MVC\LibraryManager.MVC.csproj", "{B406106F-9C9F-4A1C-8510-6316FCEC6D74}"
EndProject
Project("{9A19103F-16F7-4668-BE54-9A1E7A4F7556}") = "LibraryManager.Tests.Unit", "LibraryManager.Tests.Unit\LibraryManager.Tests.Unit.csproj", "{4CE0F45D-CEF5-4E2F-A242-D7D0325DA84A}"
EndProject
Project("{9A19103F-16F7-4668-BE54-9A1E7A4F7556}") = "LibraryManager.WebAPI", "LibraryManager.WebApi\LibraryManager.WebAPI.csproj", "{7B2735A4-D50D-4626-9B71-F922A0800EB2}"
EndProject
Project("{2150E333-8FDC-42A3-9474-1A3956D46DE8}") = "Solution Items", "Solution Items", "{A7CCE8AB-0120-4B81-AD47-BB5D260057F0}"
	ProjectSection(SolutionItems) = preProject
		.editorconfig = .editorconfig
	EndProjectSection
EndProject
Global
	GlobalSection(SolutionConfigurationPlatforms) = preSolution
		Debug|Any CPU = Debug|Any CPU
		Release|Any CPU = Release|Any CPU
	EndGlobalSection
	GlobalSection(ProjectConfigurationPlatforms) = postSolution
		{0A1F9513-4F8C-458C-A47D-1841EFA05794}.Debug|Any CPU.ActiveCfg = Debug|Any CPU
		{0A1F9513-4F8C-458C-A47D-1841EFA05794}.Debug|Any CPU.Build.0 = Debug|Any CPU
		{0A1F9513-4F8C-458C-A47D-1841EFA05794}.Release|Any CPU.ActiveCfg = Release|Any CPU
		{0A1F9513-4F8C-458C-A47D-1841EFA05794}.Release|Any CPU.Build.0 = Release|Any CPU
		{2A684AE7-4581-4E63-B4E7-5FDB95B041D5}.Debug|Any CPU.ActiveCfg = Debug|Any CPU
		{2A684AE7-4581-4E63-B4E7-5FDB95B041D5}.Debug|Any CPU.Build.0 = Debug|Any CPU
		{2A684AE7-4581-4E63-B4E7-5FDB95B041D5}.Release|Any CPU.ActiveCfg = Release|Any CPU
		{2A684AE7-4581-4E63-B4E7-5FDB95B041D5}.Release|Any CPU.Build.0 = Release|Any CPU
		{0D080B02-FECF-44D0-B385-2DE417FC253F}.Debug|Any CPU.ActiveCfg = Debug|Any CPU
		{0D080B02-FECF-44D0-B385-2DE417FC253F}.Debug|Any CPU.Build.0 = Debug|Any CPU
		{0D080B02-FECF-44D0-B385-2DE417FC253F}.Release|Any CPU.ActiveCfg = Release|Any CPU
		{0D080B02-FECF-44D0-B385-2DE417FC253F}.Release|Any CPU.Build.0 = Release|Any CPU
		{E1651C54-2EC2-4D57-A8E8-175DCA73CECF}.Debug|Any CPU.ActiveCfg = Debug|Any CPU
		{E1651C54-2EC2-4D57-A8E8-175DCA73CECF}.Debug|Any CPU.Build.0 = Debug|Any CPU
		{E1651C54-2EC2-4D57-A8E8-175DCA73CECF}.Release|Any CPU.ActiveCfg = Release|Any CPU
		{E1651C54-2EC2-4D57-A8E8-175DCA73CECF}.Release|Any CPU.Build.0 = Release|Any CPU
		{B406106F-9C9F-4A1C-8510-6316FCEC6D74}.Debug|Any CPU.ActiveCfg = Debug|Any CPU
		{B406106F-9C9F-4A1C-8510-6316FCEC6D74}.Debug|Any CPU.Build.0 = Debug|Any CPU
		{B406106F-9C9F-4A1C-8510-6316FCEC6D74}.Release|Any CPU.ActiveCfg = Release|Any CPU
		{B406106F-9C9F-4A1C-8510-6316FCEC6D74}.Release|Any CPU.Build.0 = Release|Any CPU
		{4CE0F45D-CEF5-4E2F-A242-D7D0325DA84A}.Debug|Any CPU.ActiveCfg = Debug|Any CPU
		{4CE0F45D-CEF5-4E2F-A242-D7D0325DA84A}.Debug|Any CPU.Build.0 = Debug|Any CPU
		{4CE0F45D-CEF5-4E2F-A242-D7D0325DA84A}.Release|Any CPU.ActiveCfg = Release|Any CPU
		{4CE0F45D-CEF5-4E2F-A242-D7D0325DA84A}.Release|Any CPU.Build.0 = Release|Any CPU
		{7B2735A4-D50D-4626-9B71-F922A0800EB2}.Debug|Any CPU.ActiveCfg = Debug|Any CPU
		{7B2735A4-D50D-4626-9B71-F922A0800EB2}.Debug|Any CPU.Build.0 = Debug|Any CPU
		{7B2735A4-D50D-4626-9B71-F922A0800EB2}.Release|Any CPU.ActiveCfg = Release|Any CPU
		{7B2735A4-D50D-4626-9B71-F922A0800EB2}.Release|Any CPU.Build.0 = Release|Any CPU
	EndGlobalSection
	GlobalSection(SolutionProperties) = preSolution
		HideSolutionNode = FALSE
	EndGlobalSection
	GlobalSection(ExtensibilityGlobals) = postSolution
		SolutionGuid = {6A55A1E5-E0FD-4BE7-A67B-16FE2EA8B566}
	EndGlobalSection
EndGlobal
